
Microsoft Visual Studio Solution File, Format Version 12.00
# Visual Studio Version 17
VisualStudioVersion = 17.9.34728.123
MinimumVisualStudioVersion = 10.0.40219.1
Project("{FAE04EC0-301F-11D3-BF4B-00C04F79EFBC}") = "Maps-POC", "Maps-POC.csproj", "{3656567A-CBC2-4AFE-9710-F5B353B5D234}"
EndProject
Global
	GlobalSection(SolutionConfigurationPlatforms) = preSolution
		Debug|Any CPU = Debug|Any CPU
		Release|Any CPU = Release|Any CPU
	EndGlobalSection
	GlobalSection(ProjectConfigurationPlatforms) = postSolution
		{3656567A-CBC2-4AFE-9710-F5B353B5D234}.Debug|Any CPU.ActiveCfg = Debug|Any CPU
		{3656567A-CBC2-4AFE-9710-F5B353B5D234}.Debug|Any CPU.Build.0 = Debug|Any CPU
		{3656567A-CBC2-4AFE-9710-F5B353B5D234}.Release|Any CPU.ActiveCfg = Release|Any CPU
		{3656567A-CBC2-4AFE-9710-F5B353B5D234}.Release|Any CPU.Build.0 = Release|Any CPU
	EndGlobalSection
	GlobalSection(SolutionProperties) = preSolution
		HideSolutionNode = FALSE
	EndGlobalSection
	GlobalSection(ExtensibilityGlobals) = postSolution
		SolutionGuid = {CB8A946D-E9D0-4853-98A0-3BE00CC315DE}
	EndGlobalSection
EndGlobal
